// !$*UTF8*$!
{
	archiveVersion = 1;
	classes = {
	};
	objectVersion = 56;
	objects = {

/* Begin PBXBuildFile section */
		87B9816929A059C5004C9225 /* FlowwApp.swift in Sources */ = {isa = PBXBuildFile; fileRef = 87B9816829A059C5004C9225 /* FlowwApp.swift */; };
		87B9816B29A059C5004C9225 /* ContentView.swift in Sources */ = {isa = PBXBuildFile; fileRef = 87B9816A29A059C5004C9225 /* ContentView.swift */; };
		87B9816D29A059C7004C9225 /* Assets.xcassets in Resources */ = {isa = PBXBuildFile; fileRef = 87B9816C29A059C7004C9225 /* Assets.xcassets */; };
		87B9817029A059C7004C9225 /* Preview Assets.xcassets in Resources */ = {isa = PBXBuildFile; fileRef = 87B9816F29A059C7004C9225 /* Preview Assets.xcassets */; };
		87B9817A29A059C7004C9225 /* FlowwTests.swift in Sources */ = {isa = PBXBuildFile; fileRef = 87B9817929A059C7004C9225 /* FlowwTests.swift */; };
		87B9818429A059C7004C9225 /* FlowwUITests.swift in Sources */ = {isa = PBXBuildFile; fileRef = 87B9818329A059C7004C9225 /* FlowwUITests.swift */; };
		87B9818629A059C7004C9225 /* FlowwUITestsLaunchTests.swift in Sources */ = {isa = PBXBuildFile; fileRef = 87B9818529A059C7004C9225 /* FlowwUITestsLaunchTests.swift */; };
		87B9819429A05AEB004C9225 /* Market.swift in Sources */ = {isa = PBXBuildFile; fileRef = 87B9819329A05AEB004C9225 /* Market.swift */; };
		87B9819629A05AF0004C9225 /* Chart.swift in Sources */ = {isa = PBXBuildFile; fileRef = 87B9819529A05AF0004C9225 /* Chart.swift */; };
		87B9819D29A05BD2004C9225 /* Interval.swift in Sources */ = {isa = PBXBuildFile; fileRef = 87B9819929A05BD2004C9225 /* Interval.swift */; };
		87B9819E29A05BD2004C9225 /* Currency.swift in Sources */ = {isa = PBXBuildFile; fileRef = 87B9819A29A05BD2004C9225 /* Currency.swift */; };
		87B9819F29A05BD2004C9225 /* Period.swift in Sources */ = {isa = PBXBuildFile; fileRef = 87B9819B29A05BD2004C9225 /* Period.swift */; };
		87B981A029A05BD2004C9225 /* Order.swift in Sources */ = {isa = PBXBuildFile; fileRef = 87B9819C29A05BD2004C9225 /* Order.swift */; };
		87B981A229A05BEB004C9225 /* ChartTests.swift in Sources */ = {isa = PBXBuildFile; fileRef = 87B981A129A05BEB004C9225 /* ChartTests.swift */; };
		87B981A429A05BF7004C9225 /* MarketTests.swift in Sources */ = {isa = PBXBuildFile; fileRef = 87B981A329A05BF7004C9225 /* MarketTests.swift */; };
		87B981A629A05C3C004C9225 /* Market+TestData.swift in Sources */ = {isa = PBXBuildFile; fileRef = 87B981A529A05C3C004C9225 /* Market+TestData.swift */; };
		87B981A829A05C43004C9225 /* Chart+TestData.swift in Sources */ = {isa = PBXBuildFile; fileRef = 87B981A729A05C43004C9225 /* Chart+TestData.swift */; };
		87CCEBA729A156D000430C58 /* HTTPClient.swift in Sources */ = {isa = PBXBuildFile; fileRef = 87CCEBA629A156D000430C58 /* HTTPClient.swift */; };
		87CCEBA929A1573B00430C58 /* EndPoint.swift in Sources */ = {isa = PBXBuildFile; fileRef = 87CCEBA829A1573B00430C58 /* EndPoint.swift */; };
		87CCEBAC29A1593700430C58 /* EndPointTests.swift in Sources */ = {isa = PBXBuildFile; fileRef = 87CCEBAB29A1593700430C58 /* EndPointTests.swift */; };
		87CCEBAF29A1596100430C58 /* EndPointMock.swift in Sources */ = {isa = PBXBuildFile; fileRef = 87CCEBAE29A1596100430C58 /* EndPointMock.swift */; };
		87CCEBB329A15B7000430C58 /* HTTPClientTests.swift in Sources */ = {isa = PBXBuildFile; fileRef = 87CCEBB229A15B7000430C58 /* HTTPClientTests.swift */; };
		87CCEBB529A15C0400430C58 /* DecodableMock.swift in Sources */ = {isa = PBXBuildFile; fileRef = 87CCEBB429A15C0400430C58 /* DecodableMock.swift */; };
		87CCEBB729A15D5D00430C58 /* URLSessionMock.swift in Sources */ = {isa = PBXBuildFile; fileRef = 87CCEBB629A15D5D00430C58 /* URLSessionMock.swift */; };
		87CCEBB929A15F8200430C58 /* URLComponents+TestData.swift in Sources */ = {isa = PBXBuildFile; fileRef = 87CCEBB829A15F8200430C58 /* URLComponents+TestData.swift */; };
		87CCEBBD29A16AA700430C58 /* CoinGecko.swift in Sources */ = {isa = PBXBuildFile; fileRef = 87CCEBBC29A16AA600430C58 /* CoinGecko.swift */; };
		87CCEBBF29A16B0600430C58 /* FetchMarkets.swift in Sources */ = {isa = PBXBuildFile; fileRef = 87CCEBBE29A16B0600430C58 /* FetchMarkets.swift */; };
		87CCEBC129A16B3400430C58 /* FetchChart.swift in Sources */ = {isa = PBXBuildFile; fileRef = 87CCEBC029A16B3400430C58 /* FetchChart.swift */; };
		87CCEBC329A16B5400430C58 /* EndPoint+CoinGecko.swift in Sources */ = {isa = PBXBuildFile; fileRef = 87CCEBC229A16B5400430C58 /* EndPoint+CoinGecko.swift */; };
		87CCEBC529A16B9500430C58 /* Entities+CoinGecko.swift in Sources */ = {isa = PBXBuildFile; fileRef = 87CCEBC429A16B9500430C58 /* Entities+CoinGecko.swift */; };
		87CCEBCC29A16C1100430C58 /* CoinGeckoTests.swift in Sources */ = {isa = PBXBuildFile; fileRef = 87CCEBCB29A16C1100430C58 /* CoinGeckoTests.swift */; };
		87CCEBCF29A1793500430C58 /* LocalizedMarket.swift in Sources */ = {isa = PBXBuildFile; fileRef = 87CCEBCE29A1793500430C58 /* LocalizedMarket.swift */; };
		87CCEBD129A1797E00430C58 /* MarketFormatter.swift in Sources */ = {isa = PBXBuildFile; fileRef = 87CCEBD029A1797E00430C58 /* MarketFormatter.swift */; };
		87CCEBD329A17A2E00430C58 /* NumberFormatter+Constants.swift in Sources */ = {isa = PBXBuildFile; fileRef = 87CCEBD229A17A2E00430C58 /* NumberFormatter+Constants.swift */; };
		87CCEBD629A17EF100430C58 /* MarketFormatterTests.swift in Sources */ = {isa = PBXBuildFile; fileRef = 87CCEBD529A17EF100430C58 /* MarketFormatterTests.swift */; };
		87CCEBD829A1815D00430C58 /* Int+Billions.swift in Sources */ = {isa = PBXBuildFile; fileRef = 87CCEBD729A1815D00430C58 /* Int+Billions.swift */; };
		87CCEBDA29A1820600430C58 /* IntExtensionTests.swift in Sources */ = {isa = PBXBuildFile; fileRef = 87CCEBD929A1820600430C58 /* IntExtensionTests.swift */; };
		87CCEBDC29A1825F00430C58 /* NumberFormatterTests.swift in Sources */ = {isa = PBXBuildFile; fileRef = 87CCEBDB29A1825F00430C58 /* NumberFormatterTests.swift */; };
		87CCEBE129A1871E00430C58 /* MarketsView.swift in Sources */ = {isa = PBXBuildFile; fileRef = 87CCEBE029A1871E00430C58 /* MarketsView.swift */; };
		87CCEBE429A18DCE00430C58 /* LocalizedMarket+PreviewData.swift in Sources */ = {isa = PBXBuildFile; fileRef = 87CCEBE329A18DCE00430C58 /* LocalizedMarket+PreviewData.swift */; };
		87CCEBE629A18FE300430C58 /* MarketsCell.swift in Sources */ = {isa = PBXBuildFile; fileRef = 87CCEBE529A18FE300430C58 /* MarketsCell.swift */; };
/* End PBXBuildFile section */

/* Begin PBXContainerItemProxy section */
		87B9817629A059C7004C9225 /* PBXContainerItemProxy */ = {
			isa = PBXContainerItemProxy;
			containerPortal = 87B9815D29A059C5004C9225 /* Project object */;
			proxyType = 1;
			remoteGlobalIDString = 87B9816429A059C5004C9225;
			remoteInfo = Floww;
		};
		87B9818029A059C7004C9225 /* PBXContainerItemProxy */ = {
			isa = PBXContainerItemProxy;
			containerPortal = 87B9815D29A059C5004C9225 /* Project object */;
			proxyType = 1;
			remoteGlobalIDString = 87B9816429A059C5004C9225;
			remoteInfo = Floww;
		};
/* End PBXContainerItemProxy section */

/* Begin PBXFileReference section */
		87B9816529A059C5004C9225 /* Floww.app */ = {isa = PBXFileReference; explicitFileType = wrapper.application; includeInIndex = 0; path = Floww.app; sourceTree = BUILT_PRODUCTS_DIR; };
		87B9816829A059C5004C9225 /* FlowwApp.swift */ = {isa = PBXFileReference; lastKnownFileType = sourcecode.swift; path = FlowwApp.swift; sourceTree = "<group>"; };
		87B9816A29A059C5004C9225 /* ContentView.swift */ = {isa = PBXFileReference; lastKnownFileType = sourcecode.swift; path = ContentView.swift; sourceTree = "<group>"; };
		87B9816C29A059C7004C9225 /* Assets.xcassets */ = {isa = PBXFileReference; lastKnownFileType = folder.assetcatalog; path = Assets.xcassets; sourceTree = "<group>"; };
		87B9816F29A059C7004C9225 /* Preview Assets.xcassets */ = {isa = PBXFileReference; lastKnownFileType = folder.assetcatalog; path = "Preview Assets.xcassets"; sourceTree = "<group>"; };
		87B9817529A059C7004C9225 /* FlowwTests.xctest */ = {isa = PBXFileReference; explicitFileType = wrapper.cfbundle; includeInIndex = 0; path = FlowwTests.xctest; sourceTree = BUILT_PRODUCTS_DIR; };
		87B9817929A059C7004C9225 /* FlowwTests.swift */ = {isa = PBXFileReference; lastKnownFileType = sourcecode.swift; path = FlowwTests.swift; sourceTree = "<group>"; };
		87B9817F29A059C7004C9225 /* FlowwUITests.xctest */ = {isa = PBXFileReference; explicitFileType = wrapper.cfbundle; includeInIndex = 0; path = FlowwUITests.xctest; sourceTree = BUILT_PRODUCTS_DIR; };
		87B9818329A059C7004C9225 /* FlowwUITests.swift */ = {isa = PBXFileReference; lastKnownFileType = sourcecode.swift; path = FlowwUITests.swift; sourceTree = "<group>"; };
		87B9818529A059C7004C9225 /* FlowwUITestsLaunchTests.swift */ = {isa = PBXFileReference; lastKnownFileType = sourcecode.swift; path = FlowwUITestsLaunchTests.swift; sourceTree = "<group>"; };
		87B9819329A05AEB004C9225 /* Market.swift */ = {isa = PBXFileReference; lastKnownFileType = sourcecode.swift; path = Market.swift; sourceTree = "<group>"; };
		87B9819529A05AF0004C9225 /* Chart.swift */ = {isa = PBXFileReference; lastKnownFileType = sourcecode.swift; path = Chart.swift; sourceTree = "<group>"; };
		87B9819929A05BD2004C9225 /* Interval.swift */ = {isa = PBXFileReference; fileEncoding = 4; lastKnownFileType = sourcecode.swift; path = Interval.swift; sourceTree = "<group>"; };
		87B9819A29A05BD2004C9225 /* Currency.swift */ = {isa = PBXFileReference; fileEncoding = 4; lastKnownFileType = sourcecode.swift; path = Currency.swift; sourceTree = "<group>"; };
		87B9819B29A05BD2004C9225 /* Period.swift */ = {isa = PBXFileReference; fileEncoding = 4; lastKnownFileType = sourcecode.swift; path = Period.swift; sourceTree = "<group>"; };
		87B9819C29A05BD2004C9225 /* Order.swift */ = {isa = PBXFileReference; fileEncoding = 4; lastKnownFileType = sourcecode.swift; path = Order.swift; sourceTree = "<group>"; };
		87B981A129A05BEB004C9225 /* ChartTests.swift */ = {isa = PBXFileReference; lastKnownFileType = sourcecode.swift; path = ChartTests.swift; sourceTree = "<group>"; };
		87B981A329A05BF7004C9225 /* MarketTests.swift */ = {isa = PBXFileReference; lastKnownFileType = sourcecode.swift; path = MarketTests.swift; sourceTree = "<group>"; };
		87B981A529A05C3C004C9225 /* Market+TestData.swift */ = {isa = PBXFileReference; lastKnownFileType = sourcecode.swift; path = "Market+TestData.swift"; sourceTree = "<group>"; };
		87B981A729A05C43004C9225 /* Chart+TestData.swift */ = {isa = PBXFileReference; lastKnownFileType = sourcecode.swift; path = "Chart+TestData.swift"; sourceTree = "<group>"; };
		87CCEBA629A156D000430C58 /* HTTPClient.swift */ = {isa = PBXFileReference; lastKnownFileType = sourcecode.swift; path = HTTPClient.swift; sourceTree = "<group>"; };
		87CCEBA829A1573B00430C58 /* EndPoint.swift */ = {isa = PBXFileReference; lastKnownFileType = sourcecode.swift; path = EndPoint.swift; sourceTree = "<group>"; };
		87CCEBAB29A1593700430C58 /* EndPointTests.swift */ = {isa = PBXFileReference; lastKnownFileType = sourcecode.swift; path = EndPointTests.swift; sourceTree = "<group>"; };
		87CCEBAE29A1596100430C58 /* EndPointMock.swift */ = {isa = PBXFileReference; lastKnownFileType = sourcecode.swift; path = EndPointMock.swift; sourceTree = "<group>"; };
		87CCEBB229A15B7000430C58 /* HTTPClientTests.swift */ = {isa = PBXFileReference; lastKnownFileType = sourcecode.swift; path = HTTPClientTests.swift; sourceTree = "<group>"; };
		87CCEBB429A15C0400430C58 /* DecodableMock.swift */ = {isa = PBXFileReference; lastKnownFileType = sourcecode.swift; path = DecodableMock.swift; sourceTree = "<group>"; };
		87CCEBB629A15D5D00430C58 /* URLSessionMock.swift */ = {isa = PBXFileReference; lastKnownFileType = sourcecode.swift; path = URLSessionMock.swift; sourceTree = "<group>"; };
		87CCEBB829A15F8200430C58 /* URLComponents+TestData.swift */ = {isa = PBXFileReference; lastKnownFileType = sourcecode.swift; path = "URLComponents+TestData.swift"; sourceTree = "<group>"; };
		87CCEBBC29A16AA600430C58 /* CoinGecko.swift */ = {isa = PBXFileReference; lastKnownFileType = sourcecode.swift; path = CoinGecko.swift; sourceTree = "<group>"; };
		87CCEBBE29A16B0600430C58 /* FetchMarkets.swift */ = {isa = PBXFileReference; lastKnownFileType = sourcecode.swift; path = FetchMarkets.swift; sourceTree = "<group>"; };
		87CCEBC029A16B3400430C58 /* FetchChart.swift */ = {isa = PBXFileReference; lastKnownFileType = sourcecode.swift; path = FetchChart.swift; sourceTree = "<group>"; };
		87CCEBC229A16B5400430C58 /* EndPoint+CoinGecko.swift */ = {isa = PBXFileReference; lastKnownFileType = sourcecode.swift; path = "EndPoint+CoinGecko.swift"; sourceTree = "<group>"; };
		87CCEBC429A16B9500430C58 /* Entities+CoinGecko.swift */ = {isa = PBXFileReference; lastKnownFileType = sourcecode.swift; path = "Entities+CoinGecko.swift"; sourceTree = "<group>"; };
		87CCEBCB29A16C1100430C58 /* CoinGeckoTests.swift */ = {isa = PBXFileReference; lastKnownFileType = sourcecode.swift; path = CoinGeckoTests.swift; sourceTree = "<group>"; };
		87CCEBCE29A1793500430C58 /* LocalizedMarket.swift */ = {isa = PBXFileReference; lastKnownFileType = sourcecode.swift; path = LocalizedMarket.swift; sourceTree = "<group>"; };
		87CCEBD029A1797E00430C58 /* MarketFormatter.swift */ = {isa = PBXFileReference; lastKnownFileType = sourcecode.swift; path = MarketFormatter.swift; sourceTree = "<group>"; };
		87CCEBD229A17A2E00430C58 /* NumberFormatter+Constants.swift */ = {isa = PBXFileReference; lastKnownFileType = sourcecode.swift; path = "NumberFormatter+Constants.swift"; sourceTree = "<group>"; };
		87CCEBD529A17EF100430C58 /* MarketFormatterTests.swift */ = {isa = PBXFileReference; lastKnownFileType = sourcecode.swift; path = MarketFormatterTests.swift; sourceTree = "<group>"; };
		87CCEBD729A1815D00430C58 /* Int+Billions.swift */ = {isa = PBXFileReference; lastKnownFileType = sourcecode.swift; path = "Int+Billions.swift"; sourceTree = "<group>"; };
		87CCEBD929A1820600430C58 /* IntExtensionTests.swift */ = {isa = PBXFileReference; lastKnownFileType = sourcecode.swift; path = IntExtensionTests.swift; sourceTree = "<group>"; };
		87CCEBDB29A1825F00430C58 /* NumberFormatterTests.swift */ = {isa = PBXFileReference; lastKnownFileType = sourcecode.swift; path = NumberFormatterTests.swift; sourceTree = "<group>"; };
		87CCEBE029A1871E00430C58 /* MarketsView.swift */ = {isa = PBXFileReference; lastKnownFileType = sourcecode.swift; path = MarketsView.swift; sourceTree = "<group>"; };
		87CCEBE329A18DCE00430C58 /* LocalizedMarket+PreviewData.swift */ = {isa = PBXFileReference; lastKnownFileType = sourcecode.swift; path = "LocalizedMarket+PreviewData.swift"; sourceTree = "<group>"; };
		87CCEBE529A18FE300430C58 /* MarketsCell.swift */ = {isa = PBXFileReference; lastKnownFileType = sourcecode.swift; path = MarketsCell.swift; sourceTree = "<group>"; };
/* End PBXFileReference section */

/* Begin PBXFrameworksBuildPhase section */
		87B9816229A059C5004C9225 /* Frameworks */ = {
			isa = PBXFrameworksBuildPhase;
			buildActionMask = 2147483647;
			files = (
			);
			runOnlyForDeploymentPostprocessing = 0;
		};
		87B9817229A059C7004C9225 /* Frameworks */ = {
			isa = PBXFrameworksBuildPhase;
			buildActionMask = 2147483647;
			files = (
			);
			runOnlyForDeploymentPostprocessing = 0;
		};
		87B9817C29A059C7004C9225 /* Frameworks */ = {
			isa = PBXFrameworksBuildPhase;
			buildActionMask = 2147483647;
			files = (
			);
			runOnlyForDeploymentPostprocessing = 0;
		};
/* End PBXFrameworksBuildPhase section */

/* Begin PBXGroup section */
		87B9815C29A059C5004C9225 = {
			isa = PBXGroup;
			children = (
				87B9816729A059C5004C9225 /* Floww */,
				87B9817829A059C7004C9225 /* FlowwTests */,
				87B9818229A059C7004C9225 /* FlowwUITests */,
				87B9816629A059C5004C9225 /* Products */,
			);
			sourceTree = "<group>";
		};
		87B9816629A059C5004C9225 /* Products */ = {
			isa = PBXGroup;
			children = (
				87B9816529A059C5004C9225 /* Floww.app */,
				87B9817529A059C7004C9225 /* FlowwTests.xctest */,
				87B9817F29A059C7004C9225 /* FlowwUITests.xctest */,
			);
			name = Products;
			sourceTree = "<group>";
		};
		87B9816729A059C5004C9225 /* Floww */ = {
			isa = PBXGroup;
			children = (
				87CCEBBB29A16A9200430C58 /* CoinGecko */,
				87B9819229A05ADA004C9225 /* Entities */,
				87CCEBCD29A1792100430C58 /* Localization */,
				87CCEBA529A156AF00430C58 /* Networking */,
				87CCEBDD29A186DA00430C58 /* Markets */,
				87CCEBE229A18DA400430C58 /* PreviewData */,
				87B9816829A059C5004C9225 /* FlowwApp.swift */,
				87B9816A29A059C5004C9225 /* ContentView.swift */,
				87B9816C29A059C7004C9225 /* Assets.xcassets */,
				87B9816E29A059C7004C9225 /* Preview Content */,
			);
			path = Floww;
			sourceTree = "<group>";
		};
		87B9816E29A059C7004C9225 /* Preview Content */ = {
			isa = PBXGroup;
			children = (
				87B9816F29A059C7004C9225 /* Preview Assets.xcassets */,
			);
			path = "Preview Content";
			sourceTree = "<group>";
		};
		87B9817829A059C7004C9225 /* FlowwTests */ = {
			isa = PBXGroup;
			children = (
				87CCEBC829A16BED00430C58 /* CoinGecko */,
				87B9819729A05AF6004C9225 /* Entities */,
				87CCEBD429A17ED900430C58 /* Localization */,
				87CCEBAD29A1594900430C58 /* Mocks */,
				87CCEBAA29A1592100430C58 /* Networking */,
				87B9819829A05AFE004C9225 /* Test Data */,
				87B9817929A059C7004C9225 /* FlowwTests.swift */,
			);
			path = FlowwTests;
			sourceTree = "<group>";
		};
		87B9818229A059C7004C9225 /* FlowwUITests */ = {
			isa = PBXGroup;
			children = (
				87B9818329A059C7004C9225 /* FlowwUITests.swift */,
				87B9818529A059C7004C9225 /* FlowwUITestsLaunchTests.swift */,
			);
			path = FlowwUITests;
			sourceTree = "<group>";
		};
		87B9819229A05ADA004C9225 /* Entities */ = {
			isa = PBXGroup;
			children = (
				87B9819529A05AF0004C9225 /* Chart.swift */,
				87B9819A29A05BD2004C9225 /* Currency.swift */,
				87B9819929A05BD2004C9225 /* Interval.swift */,
				87B9819329A05AEB004C9225 /* Market.swift */,
				87B9819C29A05BD2004C9225 /* Order.swift */,
				87B9819B29A05BD2004C9225 /* Period.swift */,
			);
			path = Entities;
			sourceTree = "<group>";
		};
		87B9819729A05AF6004C9225 /* Entities */ = {
			isa = PBXGroup;
			children = (
				87B981A129A05BEB004C9225 /* ChartTests.swift */,
				87B981A329A05BF7004C9225 /* MarketTests.swift */,
			);
			path = Entities;
			sourceTree = "<group>";
		};
		87B9819829A05AFE004C9225 /* Test Data */ = {
			isa = PBXGroup;
			children = (
				87B981A529A05C3C004C9225 /* Market+TestData.swift */,
				87B981A729A05C43004C9225 /* Chart+TestData.swift */,
				87CCEBB829A15F8200430C58 /* URLComponents+TestData.swift */,
			);
			path = "Test Data";
			sourceTree = "<group>";
		};
		87CCEBA529A156AF00430C58 /* Networking */ = {
			isa = PBXGroup;
			children = (
				87CCEBA829A1573B00430C58 /* EndPoint.swift */,
				87CCEBA629A156D000430C58 /* HTTPClient.swift */,
			);
			path = Networking;
			sourceTree = "<group>";
		};
		87CCEBAA29A1592100430C58 /* Networking */ = {
			isa = PBXGroup;
			children = (
				87CCEBAB29A1593700430C58 /* EndPointTests.swift */,
				87CCEBB229A15B7000430C58 /* HTTPClientTests.swift */,
			);
			path = Networking;
			sourceTree = "<group>";
		};
		87CCEBAD29A1594900430C58 /* Mocks */ = {
			isa = PBXGroup;
			children = (
				87CCEBB429A15C0400430C58 /* DecodableMock.swift */,
				87CCEBAE29A1596100430C58 /* EndPointMock.swift */,
				87CCEBB629A15D5D00430C58 /* URLSessionMock.swift */,
			);
			path = Mocks;
			sourceTree = "<group>";
		};
		87CCEBBB29A16A9200430C58 /* CoinGecko */ = {
			isa = PBXGroup;
			children = (
				87CCEBBC29A16AA600430C58 /* CoinGecko.swift */,
				87CCEBC229A16B5400430C58 /* EndPoint+CoinGecko.swift */,
				87CCEBC429A16B9500430C58 /* Entities+CoinGecko.swift */,
				87CCEBC029A16B3400430C58 /* FetchChart.swift */,
				87CCEBBE29A16B0600430C58 /* FetchMarkets.swift */,
			);
			path = CoinGecko;
			sourceTree = "<group>";
		};
		87CCEBC829A16BED00430C58 /* CoinGecko */ = {
			isa = PBXGroup;
			children = (
				87CCEBCB29A16C1100430C58 /* CoinGeckoTests.swift */,
			);
			path = CoinGecko;
			sourceTree = "<group>";
		};
		87CCEBCD29A1792100430C58 /* Localization */ = {
			isa = PBXGroup;
			children = (
				87CCEBD729A1815D00430C58 /* Int+Billions.swift */,
				87CCEBCE29A1793500430C58 /* LocalizedMarket.swift */,
				87CCEBD029A1797E00430C58 /* MarketFormatter.swift */,
				87CCEBD229A17A2E00430C58 /* NumberFormatter+Constants.swift */,
			);
			path = Localization;
			sourceTree = "<group>";
		};
		87CCEBD429A17ED900430C58 /* Localization */ = {
			isa = PBXGroup;
			children = (
				87CCEBD929A1820600430C58 /* IntExtensionTests.swift */,
				87CCEBD529A17EF100430C58 /* MarketFormatterTests.swift */,
				87CCEBDB29A1825F00430C58 /* NumberFormatterTests.swift */,
			);
			path = Localization;
			sourceTree = "<group>";
		};
		87CCEBDD29A186DA00430C58 /* Markets */ = {
			isa = PBXGroup;
			children = (
				87CCEBE029A1871E00430C58 /* MarketsView.swift */,
				87CCEBE529A18FE300430C58 /* MarketsCell.swift */,
			);
			path = Markets;
			sourceTree = "<group>";
		};
		87CCEBE229A18DA400430C58 /* PreviewData */ = {
			isa = PBXGroup;
			children = (
				87CCEBE329A18DCE00430C58 /* LocalizedMarket+PreviewData.swift */,
			);
			path = PreviewData;
			sourceTree = "<group>";
		};
/* End PBXGroup section */

/* Begin PBXNativeTarget section */
		87B9816429A059C5004C9225 /* Floww */ = {
			isa = PBXNativeTarget;
			buildConfigurationList = 87B9818929A059C7004C9225 /* Build configuration list for PBXNativeTarget "Floww" */;
			buildPhases = (
				87B9816129A059C5004C9225 /* Sources */,
				87B9816229A059C5004C9225 /* Frameworks */,
				87B9816329A059C5004C9225 /* Resources */,
			);
			buildRules = (
			);
			dependencies = (
			);
			name = Floww;
			productName = Floww;
			productReference = 87B9816529A059C5004C9225 /* Floww.app */;
			productType = "com.apple.product-type.application";
		};
		87B9817429A059C7004C9225 /* FlowwTests */ = {
			isa = PBXNativeTarget;
			buildConfigurationList = 87B9818C29A059C7004C9225 /* Build configuration list for PBXNativeTarget "FlowwTests" */;
			buildPhases = (
				87B9817129A059C7004C9225 /* Sources */,
				87B9817229A059C7004C9225 /* Frameworks */,
				87B9817329A059C7004C9225 /* Resources */,
			);
			buildRules = (
			);
			dependencies = (
				87B9817729A059C7004C9225 /* PBXTargetDependency */,
			);
			name = FlowwTests;
			productName = FlowwTests;
			productReference = 87B9817529A059C7004C9225 /* FlowwTests.xctest */;
			productType = "com.apple.product-type.bundle.unit-test";
		};
		87B9817E29A059C7004C9225 /* FlowwUITests */ = {
			isa = PBXNativeTarget;
			buildConfigurationList = 87B9818F29A059C7004C9225 /* Build configuration list for PBXNativeTarget "FlowwUITests" */;
			buildPhases = (
				87B9817B29A059C7004C9225 /* Sources */,
				87B9817C29A059C7004C9225 /* Frameworks */,
				87B9817D29A059C7004C9225 /* Resources */,
			);
			buildRules = (
			);
			dependencies = (
				87B9818129A059C7004C9225 /* PBXTargetDependency */,
			);
			name = FlowwUITests;
			productName = FlowwUITests;
			productReference = 87B9817F29A059C7004C9225 /* FlowwUITests.xctest */;
			productType = "com.apple.product-type.bundle.ui-testing";
		};
/* End PBXNativeTarget section */

/* Begin PBXProject section */
		87B9815D29A059C5004C9225 /* Project object */ = {
			isa = PBXProject;
			attributes = {
				BuildIndependentTargetsInParallel = 1;
				LastSwiftUpdateCheck = 1420;
				LastUpgradeCheck = 1420;
				TargetAttributes = {
					87B9816429A059C5004C9225 = {
						CreatedOnToolsVersion = 14.2;
					};
					87B9817429A059C7004C9225 = {
						CreatedOnToolsVersion = 14.2;
						TestTargetID = 87B9816429A059C5004C9225;
					};
					87B9817E29A059C7004C9225 = {
						CreatedOnToolsVersion = 14.2;
						TestTargetID = 87B9816429A059C5004C9225;
					};
				};
			};
			buildConfigurationList = 87B9816029A059C5004C9225 /* Build configuration list for PBXProject "Floww" */;
			compatibilityVersion = "Xcode 14.0";
			developmentRegion = en;
			hasScannedForEncodings = 0;
			knownRegions = (
				en,
				Base,
			);
			mainGroup = 87B9815C29A059C5004C9225;
			productRefGroup = 87B9816629A059C5004C9225 /* Products */;
			projectDirPath = "";
			projectRoot = "";
			targets = (
				87B9816429A059C5004C9225 /* Floww */,
				87B9817429A059C7004C9225 /* FlowwTests */,
				87B9817E29A059C7004C9225 /* FlowwUITests */,
			);
		};
/* End PBXProject section */

/* Begin PBXResourcesBuildPhase section */
		87B9816329A059C5004C9225 /* Resources */ = {
			isa = PBXResourcesBuildPhase;
			buildActionMask = 2147483647;
			files = (
				87B9817029A059C7004C9225 /* Preview Assets.xcassets in Resources */,
				87B9816D29A059C7004C9225 /* Assets.xcassets in Resources */,
			);
			runOnlyForDeploymentPostprocessing = 0;
		};
		87B9817329A059C7004C9225 /* Resources */ = {
			isa = PBXResourcesBuildPhase;
			buildActionMask = 2147483647;
			files = (
			);
			runOnlyForDeploymentPostprocessing = 0;
		};
		87B9817D29A059C7004C9225 /* Resources */ = {
			isa = PBXResourcesBuildPhase;
			buildActionMask = 2147483647;
			files = (
			);
			runOnlyForDeploymentPostprocessing = 0;
		};
/* End PBXResourcesBuildPhase section */

/* Begin PBXSourcesBuildPhase section */
		87B9816129A059C5004C9225 /* Sources */ = {
			isa = PBXSourcesBuildPhase;
			buildActionMask = 2147483647;
			files = (
				87B9819E29A05BD2004C9225 /* Currency.swift in Sources */,
				87CCEBE429A18DCE00430C58 /* LocalizedMarket+PreviewData.swift in Sources */,
				87B9819D29A05BD2004C9225 /* Interval.swift in Sources */,
				87CCEBBF29A16B0600430C58 /* FetchMarkets.swift in Sources */,
				87CCEBA929A1573B00430C58 /* EndPoint.swift in Sources */,
				87CCEBBD29A16AA700430C58 /* CoinGecko.swift in Sources */,
				87B981A029A05BD2004C9225 /* Order.swift in Sources */,
				87B9819629A05AF0004C9225 /* Chart.swift in Sources */,
				87B9816B29A059C5004C9225 /* ContentView.swift in Sources */,
				87CCEBE629A18FE300430C58 /* MarketsCell.swift in Sources */,
				87CCEBA729A156D000430C58 /* HTTPClient.swift in Sources */,
				87CCEBD329A17A2E00430C58 /* NumberFormatter+Constants.swift in Sources */,
				87CCEBC329A16B5400430C58 /* EndPoint+CoinGecko.swift in Sources */,
				87CCEBC129A16B3400430C58 /* FetchChart.swift in Sources */,
				87CCEBCF29A1793500430C58 /* LocalizedMarket.swift in Sources */,
				87B9816929A059C5004C9225 /* FlowwApp.swift in Sources */,
				87CCEBE129A1871E00430C58 /* MarketsView.swift in Sources */,
				87CCEBD829A1815D00430C58 /* Int+Billions.swift in Sources */,
				87CCEBC529A16B9500430C58 /* Entities+CoinGecko.swift in Sources */,
				87B9819429A05AEB004C9225 /* Market.swift in Sources */,
				87B9819F29A05BD2004C9225 /* Period.swift in Sources */,
				87CCEBD129A1797E00430C58 /* MarketFormatter.swift in Sources */,
			);
			runOnlyForDeploymentPostprocessing = 0;
		};
		87B9817129A059C7004C9225 /* Sources */ = {
			isa = PBXSourcesBuildPhase;
			buildActionMask = 2147483647;
			files = (
				87CCEBB729A15D5D00430C58 /* URLSessionMock.swift in Sources */,
				87B981A229A05BEB004C9225 /* ChartTests.swift in Sources */,
				87CCEBB529A15C0400430C58 /* DecodableMock.swift in Sources */,
				87B981A629A05C3C004C9225 /* Market+TestData.swift in Sources */,
				87CCEBB329A15B7000430C58 /* HTTPClientTests.swift in Sources */,
				87CCEBAF29A1596100430C58 /* EndPointMock.swift in Sources */,
				87CCEBB929A15F8200430C58 /* URLComponents+TestData.swift in Sources */,
				87CCEBDC29A1825F00430C58 /* NumberFormatterTests.swift in Sources */,
				87CCEBAC29A1593700430C58 /* EndPointTests.swift in Sources */,
				87CCEBCC29A16C1100430C58 /* CoinGeckoTests.swift in Sources */,
				87B9817A29A059C7004C9225 /* FlowwTests.swift in Sources */,
				87B981A829A05C43004C9225 /* Chart+TestData.swift in Sources */,
				87B981A429A05BF7004C9225 /* MarketTests.swift in Sources */,
				87CCEBD629A17EF100430C58 /* MarketFormatterTests.swift in Sources */,
				87CCEBDA29A1820600430C58 /* IntExtensionTests.swift in Sources */,
			);
			runOnlyForDeploymentPostprocessing = 0;
		};
		87B9817B29A059C7004C9225 /* Sources */ = {
			isa = PBXSourcesBuildPhase;
			buildActionMask = 2147483647;
			files = (
				87B9818629A059C7004C9225 /* FlowwUITestsLaunchTests.swift in Sources */,
				87B9818429A059C7004C9225 /* FlowwUITests.swift in Sources */,
			);
			runOnlyForDeploymentPostprocessing = 0;
		};
/* End PBXSourcesBuildPhase section */

/* Begin PBXTargetDependency section */
		87B9817729A059C7004C9225 /* PBXTargetDependency */ = {
			isa = PBXTargetDependency;
			target = 87B9816429A059C5004C9225 /* Floww */;
			targetProxy = 87B9817629A059C7004C9225 /* PBXContainerItemProxy */;
		};
		87B9818129A059C7004C9225 /* PBXTargetDependency */ = {
			isa = PBXTargetDependency;
			target = 87B9816429A059C5004C9225 /* Floww */;
			targetProxy = 87B9818029A059C7004C9225 /* PBXContainerItemProxy */;
		};
/* End PBXTargetDependency section */

/* Begin XCBuildConfiguration section */
		87B9818729A059C7004C9225 /* Debug */ = {
			isa = XCBuildConfiguration;
			buildSettings = {
				ALWAYS_SEARCH_USER_PATHS = NO;
				CLANG_ANALYZER_NONNULL = YES;
				CLANG_ANALYZER_NUMBER_OBJECT_CONVERSION = YES_AGGRESSIVE;
				CLANG_CXX_LANGUAGE_STANDARD = "gnu++20";
				CLANG_ENABLE_MODULES = YES;
				CLANG_ENABLE_OBJC_ARC = YES;
				CLANG_ENABLE_OBJC_WEAK = YES;
				CLANG_WARN_BLOCK_CAPTURE_AUTORELEASING = YES;
				CLANG_WARN_BOOL_CONVERSION = YES;
				CLANG_WARN_COMMA = YES;
				CLANG_WARN_CONSTANT_CONVERSION = YES;
				CLANG_WARN_DEPRECATED_OBJC_IMPLEMENTATIONS = YES;
				CLANG_WARN_DIRECT_OBJC_ISA_USAGE = YES_ERROR;
				CLANG_WARN_DOCUMENTATION_COMMENTS = YES;
				CLANG_WARN_EMPTY_BODY = YES;
				CLANG_WARN_ENUM_CONVERSION = YES;
				CLANG_WARN_INFINITE_RECURSION = YES;
				CLANG_WARN_INT_CONVERSION = YES;
				CLANG_WARN_NON_LITERAL_NULL_CONVERSION = YES;
				CLANG_WARN_OBJC_IMPLICIT_RETAIN_SELF = YES;
				CLANG_WARN_OBJC_LITERAL_CONVERSION = YES;
				CLANG_WARN_OBJC_ROOT_CLASS = YES_ERROR;
				CLANG_WARN_QUOTED_INCLUDE_IN_FRAMEWORK_HEADER = YES;
				CLANG_WARN_RANGE_LOOP_ANALYSIS = YES;
				CLANG_WARN_STRICT_PROTOTYPES = YES;
				CLANG_WARN_SUSPICIOUS_MOVE = YES;
				CLANG_WARN_UNGUARDED_AVAILABILITY = YES_AGGRESSIVE;
				CLANG_WARN_UNREACHABLE_CODE = YES;
				CLANG_WARN__DUPLICATE_METHOD_MATCH = YES;
				COPY_PHASE_STRIP = NO;
				DEBUG_INFORMATION_FORMAT = dwarf;
				ENABLE_STRICT_OBJC_MSGSEND = YES;
				ENABLE_TESTABILITY = YES;
				GCC_C_LANGUAGE_STANDARD = gnu11;
				GCC_DYNAMIC_NO_PIC = NO;
				GCC_NO_COMMON_BLOCKS = YES;
				GCC_OPTIMIZATION_LEVEL = 0;
				GCC_PREPROCESSOR_DEFINITIONS = (
					"DEBUG=1",
					"$(inherited)",
				);
				GCC_WARN_64_TO_32_BIT_CONVERSION = YES;
				GCC_WARN_ABOUT_RETURN_TYPE = YES_ERROR;
				GCC_WARN_UNDECLARED_SELECTOR = YES;
				GCC_WARN_UNINITIALIZED_AUTOS = YES_AGGRESSIVE;
				GCC_WARN_UNUSED_FUNCTION = YES;
				GCC_WARN_UNUSED_VARIABLE = YES;
				IPHONEOS_DEPLOYMENT_TARGET = 16.2;
				MTL_ENABLE_DEBUG_INFO = INCLUDE_SOURCE;
				MTL_FAST_MATH = YES;
				ONLY_ACTIVE_ARCH = YES;
				SDKROOT = iphoneos;
				SWIFT_ACTIVE_COMPILATION_CONDITIONS = DEBUG;
				SWIFT_OPTIMIZATION_LEVEL = "-Onone";
			};
			name = Debug;
		};
		87B9818829A059C7004C9225 /* Release */ = {
			isa = XCBuildConfiguration;
			buildSettings = {
				ALWAYS_SEARCH_USER_PATHS = NO;
				CLANG_ANALYZER_NONNULL = YES;
				CLANG_ANALYZER_NUMBER_OBJECT_CONVERSION = YES_AGGRESSIVE;
				CLANG_CXX_LANGUAGE_STANDARD = "gnu++20";
				CLANG_ENABLE_MODULES = YES;
				CLANG_ENABLE_OBJC_ARC = YES;
				CLANG_ENABLE_OBJC_WEAK = YES;
				CLANG_WARN_BLOCK_CAPTURE_AUTORELEASING = YES;
				CLANG_WARN_BOOL_CONVERSION = YES;
				CLANG_WARN_COMMA = YES;
				CLANG_WARN_CONSTANT_CONVERSION = YES;
				CLANG_WARN_DEPRECATED_OBJC_IMPLEMENTATIONS = YES;
				CLANG_WARN_DIRECT_OBJC_ISA_USAGE = YES_ERROR;
				CLANG_WARN_DOCUMENTATION_COMMENTS = YES;
				CLANG_WARN_EMPTY_BODY = YES;
				CLANG_WARN_ENUM_CONVERSION = YES;
				CLANG_WARN_INFINITE_RECURSION = YES;
				CLANG_WARN_INT_CONVERSION = YES;
				CLANG_WARN_NON_LITERAL_NULL_CONVERSION = YES;
				CLANG_WARN_OBJC_IMPLICIT_RETAIN_SELF = YES;
				CLANG_WARN_OBJC_LITERAL_CONVERSION = YES;
				CLANG_WARN_OBJC_ROOT_CLASS = YES_ERROR;
				CLANG_WARN_QUOTED_INCLUDE_IN_FRAMEWORK_HEADER = YES;
				CLANG_WARN_RANGE_LOOP_ANALYSIS = YES;
				CLANG_WARN_STRICT_PROTOTYPES = YES;
				CLANG_WARN_SUSPICIOUS_MOVE = YES;
				CLANG_WARN_UNGUARDED_AVAILABILITY = YES_AGGRESSIVE;
				CLANG_WARN_UNREACHABLE_CODE = YES;
				CLANG_WARN__DUPLICATE_METHOD_MATCH = YES;
				COPY_PHASE_STRIP = NO;
				DEBUG_INFORMATION_FORMAT = "dwarf-with-dsym";
				ENABLE_NS_ASSERTIONS = NO;
				ENABLE_STRICT_OBJC_MSGSEND = YES;
				GCC_C_LANGUAGE_STANDARD = gnu11;
				GCC_NO_COMMON_BLOCKS = YES;
				GCC_WARN_64_TO_32_BIT_CONVERSION = YES;
				GCC_WARN_ABOUT_RETURN_TYPE = YES_ERROR;
				GCC_WARN_UNDECLARED_SELECTOR = YES;
				GCC_WARN_UNINITIALIZED_AUTOS = YES_AGGRESSIVE;
				GCC_WARN_UNUSED_FUNCTION = YES;
				GCC_WARN_UNUSED_VARIABLE = YES;
				IPHONEOS_DEPLOYMENT_TARGET = 16.2;
				MTL_ENABLE_DEBUG_INFO = NO;
				MTL_FAST_MATH = YES;
				SDKROOT = iphoneos;
				SWIFT_COMPILATION_MODE = wholemodule;
				SWIFT_OPTIMIZATION_LEVEL = "-O";
				VALIDATE_PRODUCT = YES;
			};
			name = Release;
		};
		87B9818A29A059C7004C9225 /* Debug */ = {
			isa = XCBuildConfiguration;
			buildSettings = {
				ASSETCATALOG_COMPILER_APPICON_NAME = AppIcon;
				ASSETCATALOG_COMPILER_GLOBAL_ACCENT_COLOR_NAME = AccentColor;
				CODE_SIGN_STYLE = Automatic;
				CURRENT_PROJECT_VERSION = 1;
				DEVELOPMENT_ASSET_PATHS = "\"Floww/Preview Content\"";
				DEVELOPMENT_TEAM = 6A5QUSJGMJ;
				ENABLE_PREVIEWS = YES;
				GENERATE_INFOPLIST_FILE = YES;
				INFOPLIST_KEY_UIApplicationSceneManifest_Generation = YES;
				INFOPLIST_KEY_UIApplicationSupportsIndirectInputEvents = YES;
				INFOPLIST_KEY_UILaunchScreen_Generation = YES;
				INFOPLIST_KEY_UISupportedInterfaceOrientations_iPad = "UIInterfaceOrientationPortrait UIInterfaceOrientationPortraitUpsideDown UIInterfaceOrientationLandscapeLeft UIInterfaceOrientationLandscapeRight";
				INFOPLIST_KEY_UISupportedInterfaceOrientations_iPhone = "UIInterfaceOrientationPortrait UIInterfaceOrientationLandscapeLeft UIInterfaceOrientationLandscapeRight";
				LD_RUNPATH_SEARCH_PATHS = (
					"$(inherited)",
					"@executable_path/Frameworks",
				);
				MARKETING_VERSION = 1.0;
				PRODUCT_BUNDLE_IDENTIFIER = com.floww.Floww;
				PRODUCT_NAME = "$(TARGET_NAME)";
				SWIFT_EMIT_LOC_STRINGS = YES;
				SWIFT_VERSION = 5.0;
				TARGETED_DEVICE_FAMILY = "1,2";
			};
			name = Debug;
		};
		87B9818B29A059C7004C9225 /* Release */ = {
			isa = XCBuildConfiguration;
			buildSettings = {
				ASSETCATALOG_COMPILER_APPICON_NAME = AppIcon;
				ASSETCATALOG_COMPILER_GLOBAL_ACCENT_COLOR_NAME = AccentColor;
				CODE_SIGN_STYLE = Automatic;
				CURRENT_PROJECT_VERSION = 1;
				DEVELOPMENT_ASSET_PATHS = "\"Floww/Preview Content\"";
				DEVELOPMENT_TEAM = 6A5QUSJGMJ;
				ENABLE_PREVIEWS = YES;
				GENERATE_INFOPLIST_FILE = YES;
				INFOPLIST_KEY_UIApplicationSceneManifest_Generation = YES;
				INFOPLIST_KEY_UIApplicationSupportsIndirectInputEvents = YES;
				INFOPLIST_KEY_UILaunchScreen_Generation = YES;
				INFOPLIST_KEY_UISupportedInterfaceOrientations_iPad = "UIInterfaceOrientationPortrait UIInterfaceOrientationPortraitUpsideDown UIInterfaceOrientationLandscapeLeft UIInterfaceOrientationLandscapeRight";
				INFOPLIST_KEY_UISupportedInterfaceOrientations_iPhone = "UIInterfaceOrientationPortrait UIInterfaceOrientationLandscapeLeft UIInterfaceOrientationLandscapeRight";
				LD_RUNPATH_SEARCH_PATHS = (
					"$(inherited)",
					"@executable_path/Frameworks",
				);
				MARKETING_VERSION = 1.0;
				PRODUCT_BUNDLE_IDENTIFIER = com.floww.Floww;
				PRODUCT_NAME = "$(TARGET_NAME)";
				SWIFT_EMIT_LOC_STRINGS = YES;
				SWIFT_VERSION = 5.0;
				TARGETED_DEVICE_FAMILY = "1,2";
			};
			name = Release;
		};
		87B9818D29A059C7004C9225 /* Debug */ = {
			isa = XCBuildConfiguration;
			buildSettings = {
				ALWAYS_EMBED_SWIFT_STANDARD_LIBRARIES = YES;
				BUNDLE_LOADER = "$(TEST_HOST)";
				CODE_SIGN_STYLE = Automatic;
				CURRENT_PROJECT_VERSION = 1;
				DEVELOPMENT_TEAM = 6A5QUSJGMJ;
				GENERATE_INFOPLIST_FILE = YES;
				IPHONEOS_DEPLOYMENT_TARGET = 16.2;
				MARKETING_VERSION = 1.0;
				PRODUCT_BUNDLE_IDENTIFIER = com.floww.FlowwTests;
				PRODUCT_NAME = "$(TARGET_NAME)";
				SWIFT_EMIT_LOC_STRINGS = NO;
				SWIFT_VERSION = 5.0;
				TARGETED_DEVICE_FAMILY = "1,2";
				TEST_HOST = "$(BUILT_PRODUCTS_DIR)/Floww.app/$(BUNDLE_EXECUTABLE_FOLDER_PATH)/Floww";
			};
			name = Debug;
		};
		87B9818E29A059C7004C9225 /* Release */ = {
			isa = XCBuildConfiguration;
			buildSettings = {
				ALWAYS_EMBED_SWIFT_STANDARD_LIBRARIES = YES;
				BUNDLE_LOADER = "$(TEST_HOST)";
				CODE_SIGN_STYLE = Automatic;
				CURRENT_PROJECT_VERSION = 1;
				DEVELOPMENT_TEAM = 6A5QUSJGMJ;
				GENERATE_INFOPLIST_FILE = YES;
				IPHONEOS_DEPLOYMENT_TARGET = 16.2;
				MARKETING_VERSION = 1.0;
				PRODUCT_BUNDLE_IDENTIFIER = com.floww.FlowwTests;
				PRODUCT_NAME = "$(TARGET_NAME)";
				SWIFT_EMIT_LOC_STRINGS = NO;
				SWIFT_VERSION = 5.0;
				TARGETED_DEVICE_FAMILY = "1,2";
				TEST_HOST = "$(BUILT_PRODUCTS_DIR)/Floww.app/$(BUNDLE_EXECUTABLE_FOLDER_PATH)/Floww";
			};
			name = Release;
		};
		87B9819029A059C7004C9225 /* Debug */ = {
			isa = XCBuildConfiguration;
			buildSettings = {
				ALWAYS_EMBED_SWIFT_STANDARD_LIBRARIES = YES;
				CODE_SIGN_STYLE = Automatic;
				CURRENT_PROJECT_VERSION = 1;
				DEVELOPMENT_TEAM = 6A5QUSJGMJ;
				GENERATE_INFOPLIST_FILE = YES;
				MARKETING_VERSION = 1.0;
				PRODUCT_BUNDLE_IDENTIFIER = com.floww.FlowwUITests;
				PRODUCT_NAME = "$(TARGET_NAME)";
				SWIFT_EMIT_LOC_STRINGS = NO;
				SWIFT_VERSION = 5.0;
				TARGETED_DEVICE_FAMILY = "1,2";
				TEST_TARGET_NAME = Floww;
			};
			name = Debug;
		};
		87B9819129A059C7004C9225 /* Release */ = {
			isa = XCBuildConfiguration;
			buildSettings = {
				ALWAYS_EMBED_SWIFT_STANDARD_LIBRARIES = YES;
				CODE_SIGN_STYLE = Automatic;
				CURRENT_PROJECT_VERSION = 1;
				DEVELOPMENT_TEAM = 6A5QUSJGMJ;
				GENERATE_INFOPLIST_FILE = YES;
				MARKETING_VERSION = 1.0;
				PRODUCT_BUNDLE_IDENTIFIER = com.floww.FlowwUITests;
				PRODUCT_NAME = "$(TARGET_NAME)";
				SWIFT_EMIT_LOC_STRINGS = NO;
				SWIFT_VERSION = 5.0;
				TARGETED_DEVICE_FAMILY = "1,2";
				TEST_TARGET_NAME = Floww;
			};
			name = Release;
		};
/* End XCBuildConfiguration section */

/* Begin XCConfigurationList section */
		87B9816029A059C5004C9225 /* Build configuration list for PBXProject "Floww" */ = {
			isa = XCConfigurationList;
			buildConfigurations = (
				87B9818729A059C7004C9225 /* Debug */,
				87B9818829A059C7004C9225 /* Release */,
			);
			defaultConfigurationIsVisible = 0;
			defaultConfigurationName = Release;
		};
		87B9818929A059C7004C9225 /* Build configuration list for PBXNativeTarget "Floww" */ = {
			isa = XCConfigurationList;
			buildConfigurations = (
				87B9818A29A059C7004C9225 /* Debug */,
				87B9818B29A059C7004C9225 /* Release */,
			);
			defaultConfigurationIsVisible = 0;
			defaultConfigurationName = Release;
		};
		87B9818C29A059C7004C9225 /* Build configuration list for PBXNativeTarget "FlowwTests" */ = {
			isa = XCConfigurationList;
			buildConfigurations = (
				87B9818D29A059C7004C9225 /* Debug */,
				87B9818E29A059C7004C9225 /* Release */,
			);
			defaultConfigurationIsVisible = 0;
			defaultConfigurationName = Release;
		};
		87B9818F29A059C7004C9225 /* Build configuration list for PBXNativeTarget "FlowwUITests" */ = {
			isa = XCConfigurationList;
			buildConfigurations = (
				87B9819029A059C7004C9225 /* Debug */,
				87B9819129A059C7004C9225 /* Release */,
			);
			defaultConfigurationIsVisible = 0;
			defaultConfigurationName = Release;
		};
/* End XCConfigurationList section */
	};
	rootObject = 87B9815D29A059C5004C9225 /* Project object */;
}
